
Microsoft Visual Studio Solution File, Format Version 12.00
# Visual Studio 15
VisualStudioVersion = 15.0.27130.2003
MinimumVisualStudioVersion = 10.0.40219.1
Project("{FAE04EC0-301F-11D3-BF4B-00C04F79EFBC}") = "Capstone.Web", "Capstone.Web\Capstone.Web.csproj", "{EB84D678-4BD1-4585-A956-7079BBB6CAA6}"
EndProject
Project("{FAE04EC0-301F-11D3-BF4B-00C04F79EFBC}") = "StockGameService", "StockGameService\StockGameService.csproj", "{FCC7845C-E727-41DF-8556-D4DE9BD718C2}"
EndProject
Project("{FAE04EC0-301F-11D3-BF4B-00C04F79EFBC}") = "StockGameIntegrationTests", "StockMarketIntegrationTests\StockGameIntegrationTests.csproj", "{6002D46E-C836-40FC-96D4-1EEBE170425B}"
EndProject
Global
	GlobalSection(SolutionConfigurationPlatforms) = preSolution
		Debug|Any CPU = Debug|Any CPU
		Release|Any CPU = Release|Any CPU
	EndGlobalSection
	GlobalSection(ProjectConfigurationPlatforms) = postSolution
		{EB84D678-4BD1-4585-A956-7079BBB6CAA6}.Debug|Any CPU.ActiveCfg = Debug|Any CPU
		{EB84D678-4BD1-4585-A956-7079BBB6CAA6}.Debug|Any CPU.Build.0 = Debug|Any CPU
		{EB84D678-4BD1-4585-A956-7079BBB6CAA6}.Release|Any CPU.ActiveCfg = Release|Any CPU
		{EB84D678-4BD1-4585-A956-7079BBB6CAA6}.Release|Any CPU.Build.0 = Release|Any CPU
		{FCC7845C-E727-41DF-8556-D4DE9BD718C2}.Debug|Any CPU.ActiveCfg = Debug|Any CPU
		{FCC7845C-E727-41DF-8556-D4DE9BD718C2}.Debug|Any CPU.Build.0 = Debug|Any CPU
		{FCC7845C-E727-41DF-8556-D4DE9BD718C2}.Release|Any CPU.ActiveCfg = Release|Any CPU
		{FCC7845C-E727-41DF-8556-D4DE9BD718C2}.Release|Any CPU.Build.0 = Release|Any CPU
		{6002D46E-C836-40FC-96D4-1EEBE170425B}.Debug|Any CPU.ActiveCfg = Debug|Any CPU
		{6002D46E-C836-40FC-96D4-1EEBE170425B}.Debug|Any CPU.Build.0 = Debug|Any CPU
		{6002D46E-C836-40FC-96D4-1EEBE170425B}.Release|Any CPU.ActiveCfg = Release|Any CPU
		{6002D46E-C836-40FC-96D4-1EEBE170425B}.Release|Any CPU.Build.0 = Release|Any CPU
	EndGlobalSection
	GlobalSection(SolutionProperties) = preSolution
		HideSolutionNode = FALSE
	EndGlobalSection
	GlobalSection(ExtensibilityGlobals) = postSolution
		SolutionGuid = {8371BF36-1000-40C6-BD90-04C807D6A2AE}
	EndGlobalSection
EndGlobal
